
Microsoft Visual Studio Solution File, Format Version 12.00
# Visual Studio Version 17
VisualStudioVersion = 17.2.32519.379
MinimumVisualStudioVersion = 10.0.40219.1
Project("{9A19103F-16F7-4668-BE54-9A1E7A4F7556}") = "RussianHumanizer", "RussianHumanizer\RussianHumanizer.csproj", "{1D56C67B-C567-405A-BA2B-FF27D019E39C}"
EndProject
Project("{9A19103F-16F7-4668-BE54-9A1E7A4F7556}") = "RussianHumanizerTests", "RussianHumanizerTests\RussianHumanizerTests.csproj", "{D15FAB6C-8B9B-4556-9058-CC2734C1FC90}"
EndProject
Project("{FAE04EC0-301F-11D3-BF4B-00C04F79EFBC}") = "RussianHumanizer.Samples", "RussianHumanizer.Samples\RussianHumanizer.Samples.csproj", "{5CC7246C-D4C2-4B9A-A762-E8741F7559B3}"
EndProject
Global
	GlobalSection(SolutionConfigurationPlatforms) = preSolution
		Debug|Any CPU = Debug|Any CPU
		Release|Any CPU = Release|Any CPU
	EndGlobalSection
	GlobalSection(ProjectConfigurationPlatforms) = postSolution
		{1D56C67B-C567-405A-BA2B-FF27D019E39C}.Debug|Any CPU.ActiveCfg = Debug|Any CPU
		{1D56C67B-C567-405A-BA2B-FF27D019E39C}.Debug|Any CPU.Build.0 = Debug|Any CPU
		{1D56C67B-C567-405A-BA2B-FF27D019E39C}.Release|Any CPU.ActiveCfg = Release|Any CPU
		{1D56C67B-C567-405A-BA2B-FF27D019E39C}.Release|Any CPU.Build.0 = Release|Any CPU
		{D15FAB6C-8B9B-4556-9058-CC2734C1FC90}.Debug|Any CPU.ActiveCfg = Debug|Any CPU
		{D15FAB6C-8B9B-4556-9058-CC2734C1FC90}.Debug|Any CPU.Build.0 = Debug|Any CPU
		{D15FAB6C-8B9B-4556-9058-CC2734C1FC90}.Release|Any CPU.ActiveCfg = Release|Any CPU
		{D15FAB6C-8B9B-4556-9058-CC2734C1FC90}.Release|Any CPU.Build.0 = Release|Any CPU
		{5CC7246C-D4C2-4B9A-A762-E8741F7559B3}.Debug|Any CPU.ActiveCfg = Debug|Any CPU
		{5CC7246C-D4C2-4B9A-A762-E8741F7559B3}.Debug|Any CPU.Build.0 = Debug|Any CPU
		{5CC7246C-D4C2-4B9A-A762-E8741F7559B3}.Release|Any CPU.ActiveCfg = Release|Any CPU
		{5CC7246C-D4C2-4B9A-A762-E8741F7559B3}.Release|Any CPU.Build.0 = Release|Any CPU
	EndGlobalSection
	GlobalSection(SolutionProperties) = preSolution
		HideSolutionNode = FALSE
	EndGlobalSection
	GlobalSection(ExtensibilityGlobals) = postSolution
		SolutionGuid = {0966AB23-D5ED-43CF-A4E8-088B5261F2D3}
	EndGlobalSection
EndGlobal
